# This file is generated by running "yarn install" inside your project.
# Manual changes might be lost - proceed with caution!

__metadata:
  version: 8
  cacheKey: 10c0

"@types/node-fetch@npm:^2.5.6":
  version: 2.5.6
  resolution: "@types/node-fetch@npm:2.5.6"
  dependencies:
    "@types/node": "npm:*"
    form-data: "npm:^3.0.0"
  checksum: 10c0/70df080668de83097362ddbd981cbe451fb1fff520c3370b18ed6d9502cc7a27b95fcee02938a7f635c87e3a35c183d529099d9fd6f42f3c5e1c6395eda35eda
  languageName: node
  linkType: hard

"@types/node@npm:*":
  version: 13.13.2
  resolution: "@types/node@npm:13.13.2"
  checksum: 10c0/47eb466124b93a8dc96a52825f5bb46ff48adac1d1c90f4eeed706a91873383f0284b060d1ec53e150a906047d9adf36274633ae61b3f1390b5dec7cac5946f5
  languageName: node
  linkType: hard

"arg@npm:^4.1.0":
  version: 4.1.3
  resolution: "arg@npm:4.1.3"
  checksum: 10c0/070ff801a9d236a6caa647507bdcc7034530604844d64408149a26b9e87c2f97650055c0f049abd1efc024b334635c01f29e0b632b371ac3f26130f4cf65997a
  languageName: node
  linkType: hard

"asynckit@npm:^0.4.0":
  version: 0.4.0
  resolution: "asynckit@npm:0.4.0"
  checksum: 10c0/d73e2ddf20c4eb9337e1b3df1a0f6159481050a5de457c55b14ea2e5cb6d90bb69e004c9af54737a5ee0917fcf2c9e25de67777bbe58261847846066ba75bc9d
  languageName: node
  linkType: hard

"buffer-from@npm:^1.0.0":
  version: 1.1.1
  resolution: "buffer-from@npm:1.1.1"
  checksum: 10c0/a8c5057c985d8071e7a64988ad72f313e08eb3001eda76bead78b1f9afc7a07d20be9677eed0b5791727baeecd56360fe541bc5dd74feb40efe202a74584d533
  languageName: node
  linkType: hard

"combined-stream@npm:^1.0.8":
  version: 1.0.8
  resolution: "combined-stream@npm:1.0.8"
  dependencies:
    delayed-stream: "npm:~1.0.0"
  checksum: 10c0/0dbb829577e1b1e839fa82b40c07ffaf7de8a09b935cadd355a73652ae70a88b4320db322f6634a4ad93424292fa80973ac6480986247f1734a1137debf271d5
  languageName: node
  linkType: hard

"delayed-stream@npm:~1.0.0":
  version: 1.0.0
  resolution: "delayed-stream@npm:1.0.0"
  checksum: 10c0/d758899da03392e6712f042bec80aa293bbe9e9ff1b2634baae6a360113e708b91326594c8a486d475c69d6259afb7efacdc3537bfcda1c6c648e390ce601b19
  languageName: node
  linkType: hard

"diff@npm:^4.0.1":
  version: 4.0.2
  resolution: "diff@npm:4.0.2"
  checksum: 10c0/81b91f9d39c4eaca068eb0c1eb0e4afbdc5bb2941d197f513dd596b820b956fef43485876226d65d497bebc15666aa2aa82c679e84f65d5f2bfbf14ee46e32c1
  languageName: node
  linkType: hard

"form-data@npm:^3.0.0":
  version: 3.0.0
  resolution: "form-data@npm:3.0.0"
  dependencies:
    asynckit: "npm:^0.4.0"
    combined-stream: "npm:^1.0.8"
    mime-types: "npm:^2.1.12"
  checksum: 10c0/0091a12b4374099495da7e38cfcc984ff2aa938f2d0c44becb8fa200ab3018735ef35805be0e0c627f3565bf9a93c0b1c816cf602083b3178de71aa3e8611df8
  languageName: node
  linkType: hard

"make-error@npm:^1.1.1":
  version: 1.3.6
  resolution: "make-error@npm:1.3.6"
  checksum: 10c0/171e458d86854c6b3fc46610cfacf0b45149ba043782558c6875d9f42f222124384ad0b468c92e996d815a8a2003817a710c0a160e49c1c394626f76fa45396f
  languageName: node
  linkType: hard

"mime-db@npm:1.43.0":
  version: 1.43.0
  resolution: "mime-db@npm:1.43.0"
  checksum: 10c0/dedff75128a5899c64206c179fe1ce571f77170ddacfe09141b48c99b9fe97a47988879f80b85fc0fb45e20bcc8eba205243dcbd5f93f7250579834c7e25d49e
  languageName: node
  linkType: hard

"mime-types@npm:^2.1.12":
  version: 2.1.26
  resolution: "mime-types@npm:2.1.26"
  dependencies:
    mime-db: "npm:1.43.0"
  checksum: 10c0/d5b2b7fa583fc01416b894d512378afed9fa9a2de586397a23e7e9e4f901ba5f775c7a6b7fb8890bfc7abcd536a244406d4905bfdb57df1577bcb842f401d73f
  languageName: node
  linkType: hard

"minehut@workspace:.":
  version: 0.0.0-use.local
  resolution: "minehut@workspace:."
  dependencies:
    "@types/node-fetch": "npm:^2.5.6"
    node-fetch: "npm:^2.6.0"
    ts-node: "npm:^8.9.0"
    typescript: "npm:^3.8.3"
  languageName: unknown
  linkType: soft

"node-fetch@npm:^2.6.0":
  version: 2.6.1
  resolution: "node-fetch@npm:2.6.1"
  checksum: 10c0/c58586d121782df045681e29608f940be90c7d8c4cada29957c148cfcc5e2d81d74b690cf10ee6879ed055da7ea821450a74ff43f3bde651cf6c8a5f34a77e2a
  languageName: node
  linkType: hard

"source-map-support@npm:^0.5.17":
  version: 0.5.18
  resolution: "source-map-support@npm:0.5.18"
  dependencies:
    buffer-from: "npm:^1.0.0"
    source-map: "npm:^0.6.0"
  checksum: 10c0/f96ecbb233607bed89356200a1c00d78d58c55e9d37db066b3c37240c483cf0082dd5e0b204919d8fc11ebeffffe42cc4741f1368b7de044e6164a0153e19ba1
  languageName: node
  linkType: hard

"source-map@npm:^0.6.0":
  version: 0.6.1
  resolution: "source-map@npm:0.6.1"
  checksum: 10c0/ab55398007c5e5532957cb0beee2368529618ac0ab372d789806f5718123cc4367d57de3904b4e6a4170eb5a0b0f41373066d02ca0735a0c4d75c7d328d3e011
  languageName: node
  linkType: hard

"ts-node@npm:^8.9.0":
  version: 8.9.0
  resolution: "ts-node@npm:8.9.0"
  dependencies:
    arg: "npm:^4.1.0"
    diff: "npm:^4.0.1"
    make-error: "npm:^1.1.1"
    source-map-support: "npm:^0.5.17"
    yn: "npm:3.1.1"
  peerDependencies:
    typescript: ">=2.7"
  bin:
    ts-node: dist/bin.js
    ts-node-script: dist/bin-script.js
    ts-node-transpile-only: dist/bin-transpile.js
    ts-script: dist/bin-script-deprecated.js
  checksum: 10c0/54e2ec4c99b312da3f147746fae0f54a106ba7658b9a323fece18c8f4f590ec017041542a41092d41cbe2a8af9e62c01a235df6c68e18cb782eabc864f9c3b69
  languageName: node
  linkType: hard

"typescript@npm:^3.8.3":
  version: 3.8.3
  resolution: "typescript@npm:3.8.3"
  bin:
    tsc: bin/tsc
    tsserver: bin/tsserver
  checksum: 10c0/070c3c4195005c3afb15f44a00eec66d159da52b1539eecd25cff09996cbceb916a19a1f87909819c3b637b5b58ac62e39f1af0ce93ab60d830fda599d7f69d4
  languageName: node
  linkType: hard

"typescript@patch:typescript@npm%3A^3.8.3#optional!builtin<compat/typescript>":
  version: 3.8.3
  resolution: "typescript@patch:typescript@npm%3A3.8.3#optional!builtin<compat/typescript>::version=3.8.3&hash=c44097"
  bin:
    tsc: bin/tsc
    tsserver: bin/tsserver
  checksum: 10c0/e13d78af3ace03b43827e6cf76aa5ec7525ebdc02a92d84ee3f966063d3c6e0e21104941bfb1c32f6c208add4993175a2ead6f93d84bc417658e9524409bf22c
  languageName: node
  linkType: hard

"yn@npm:3.1.1":
  version: 3.1.1
  resolution: "yn@npm:3.1.1"
  checksum: 10c0/0732468dd7622ed8a274f640f191f3eaf1f39d5349a1b72836df484998d7d9807fbea094e2f5486d6b0cd2414aad5775972df0e68f8604db89a239f0f4bf7443
  languageName: node
  linkType: hard
